
Microsoft Visual Studio Solution File, Format Version 12.00
# Visual Studio Version 17
VisualStudioVersion = 17.14.36203.30 d17.14
MinimumVisualStudioVersion = 10.0.40219.1
Project("{FAE04EC0-301F-11D3-BF4B-00C04F79EFBC}") = "Modelos", "Modelos\Modelos.csproj", "{15DFE6F1-6F3A-4CA5-96E5-E97DC947222B}"
EndProject
Project("{FAE04EC0-301F-11D3-BF4B-00C04F79EFBC}") = "Vistas", "Vistas\Vistas.csproj", "{D990BB9D-A3D2-4036-9E76-F46A36B8C66E}"
EndProject
Global
	GlobalSection(SolutionConfigurationPlatforms) = preSolution
		Debug|Any CPU = Debug|Any CPU
		Release|Any CPU = Release|Any CPU
	EndGlobalSection
	GlobalSection(ProjectConfigurationPlatforms) = postSolution
		{15DFE6F1-6F3A-4CA5-96E5-E97DC947222B}.Debug|Any CPU.ActiveCfg = Debug|Any CPU
		{15DFE6F1-6F3A-4CA5-96E5-E97DC947222B}.Debug|Any CPU.Build.0 = Debug|Any CPU
		{15DFE6F1-6F3A-4CA5-96E5-E97DC947222B}.Release|Any CPU.ActiveCfg = Release|Any CPU
		{15DFE6F1-6F3A-4CA5-96E5-E97DC947222B}.Release|Any CPU.Build.0 = Release|Any CPU
		{D990BB9D-A3D2-4036-9E76-F46A36B8C66E}.Debug|Any CPU.ActiveCfg = Debug|Any CPU
		{D990BB9D-A3D2-4036-9E76-F46A36B8C66E}.Debug|Any CPU.Build.0 = Debug|Any CPU
		{D990BB9D-A3D2-4036-9E76-F46A36B8C66E}.Release|Any CPU.ActiveCfg = Release|Any CPU
		{D990BB9D-A3D2-4036-9E76-F46A36B8C66E}.Release|Any CPU.Build.0 = Release|Any CPU
	EndGlobalSection
	GlobalSection(SolutionProperties) = preSolution
		HideSolutionNode = FALSE
	EndGlobalSection
	GlobalSection(ExtensibilityGlobals) = postSolution
		SolutionGuid = {01183C8C-3E73-4C8C-9C31-68BE545CAF49}
	EndGlobalSection
EndGlobal
